github.com/antlr4-go/antlr/v4 v4.13.1 h1:SqQKkuVZ+zWkMMNkjy5FZe5mr5WURWnlpmOuzYWrPrQ=
github.com/antlr4-go/antlr/v4 v4.13.1/go.mod h1:GKmUxMtwp6ZgGwZSva4eWPC5mS6vUAmOABFgjdkM7Nw=
github.com/arc-language/core-builder v0.0.0-20251222230544-91aac0849f4f h1:cqLay64TCHtwS8HNkSpwRCHLUXTqgrzGuST4uvPL+Ys=
github.com/arc-language/core-builder v0.0.0-20251222230544-91aac0849f4f/go.mod h1:19aJJsZ3HkyQ3IBjxjhVjmeiThxFcPqvhP1YPFWqj+M=
github.com/arc-language/core-codegen v0.0.0-20251223194808-5db44bb9f202 h1:yTrmtkr9q7lpwHiu6gdLBaNYJPByOz8EQ3x/F63r498=
github.com/arc-language/core-codegen v0.0.0-20251223194808-5db44bb9f202/go.mod h1:+PZFdeewFhSYo+OuOcwbQ06W61cMmVohZsctmIdpfVY=
github.com/arc-language/core-codegen v0.0.0-20251224004423-bf80a81c60a9 h1:8wIVhSE/G0ka2Do81dQbnLpyp0rzx7uKC80T7m29PIQ=
github.com/arc-language/core-codegen v0.0.0-20251224004423-bf80a81c60a9/go.mod h1:+PZFdeewFhSYo+OuOcwbQ06W61cMmVohZsctmIdpfVY=
github.com/arc-language/core-codegen v0.0.0-20251224005308-fbe93570a044 h1:XUK02Uogziqossiz0PM6c5EW/gs1iiKpn34EgesyLkY=
github.com/arc-language/core-codegen v0.0.0-20251224005308-fbe93570a044/go.mod h1:+PZFdeewFhSYo+OuOcwbQ06W61cMmVohZsctmIdpfVY=
github.com/arc-language/core-codegen v0.0.0-20251224013405-02316000c81c h1:bToKByWpf0Uu5zoZK1e+OSQUdEszH2CsesYRMcdGJr8=
github.com/arc-language/core-codegen v0.0.0-20251224013405-02316000c81c/go.mod h1:+PZFdeewFhSYo+OuOcwbQ06W61cMmVohZsctmIdpfVY=
github.com/arc-language/core-compiler v0.0.0-20251224001031-dece9b0c37c8 h1:gSw7N4JW7m6VHTITuekQYg/su1w3HttV+egswzk1+XE=
github.com/arc-language/core-compiler v0.0.0-20251224001031-dece9b0c37c8/go.mod h1:35A/XQo/THb+ULaJ5Gj/rOPNQEdeIWlCVTFEC+c1omM=
github.com/arc-language/core-compiler v0.0.0-20251224012005-a58eabc944eb h1:oDvYz5ajx3OUuclCjBuLG0OSEVpoMY0o6HDwS1xdD6g=
github.com/arc-language/core-compiler v0.0.0-20251224012005-a58eabc944eb/go.mod h1:35A/XQo/THb+ULaJ5Gj/rOPNQEdeIWlCVTFEC+c1omM=
github.com/arc-language/core-compiler v0.0.0-20251224012825-a48e773d8c25 h1:LmT5auDpDKICT6DmU0qNd+1HXn1MZ6G/maoHxQ8XEIk=
github.com/arc-language/core-compiler v0.0.0-20251224012825-a48e773d8c25/go.mod h1:35A/XQo/THb+ULaJ5Gj/rOPNQEdeIWlCVTFEC+c1omM=
github.com/arc-language/core-compiler v0.0.0-20251224014153-9e095fbd1c77 h1:eOe0s2Usqr5z/IwWGOPa6muqMqIxykGTHAjNPTAvOrA=
github.com/arc-language/core-compiler v0.0.0-20251224014153-9e095fbd1c77/go.mod h1:35A/XQo/THb+ULaJ5Gj/rOPNQEdeIWlCVTFEC+c1omM=
github.com/arc-language/core-compiler v0.0.0-20251224014517-aa3def4eddfd h1:2dNWR+REVlyn6nxinhinYVtSvYjM4g0QUYYFAh+UftY=
github.com/arc-language/core-compiler v0.0.0-20251224014517-aa3def4eddfd/go.mod h1:35A/XQo/THb+ULaJ5Gj/rOPNQEdeIWlCVTFEC+c1omM=
github.com/arc-language/core-compiler v0.0.0-20251226193548-7b2a4582f390 h1:ZQ1+/UxmKTV9dZpxaaE3kETbPyZMnN+5QHZ6WN28z88=
github.com/arc-language/core-compiler v0.0.0-20251226193548-7b2a4582f390/go.mod h1:bFWFO5XhCepYU3FMQLvQJu97HGGCwM5xD9LVpVbgRrg=
github.com/arc-language/core-compiler v0.0.0-20251226194122-a1595a40599c h1:BYOAWaqESWoItyyE3xtOlIylHSkOSwV9JBp4LgI7+3g=
github.com/arc-language/core-compiler v0.0.0-20251226194122-a1595a40599c/go.mod h1:bFWFO5XhCepYU3FMQLvQJu97HGGCwM5xD9LVpVbgRrg=
github.com/arc-language/core-compiler v0.0.0-20251226194549-c0ba370d636a h1:F9LrRYELqnOEsKkWx5q+YxORkayBInyrKtAHWBW0Y3g=
github.com/arc-language/core-compiler v0.0.0-20251226194549-c0ba370d636a/go.mod h1:bFWFO5XhCepYU3FMQLvQJu97HGGCwM5xD9LVpVbgRrg=
github.com/arc-language/core-parser v0.0.0-20251223210335-c47242c52772 h1:9Gua+mHnZmTGyJKZGluTeAfBxdgn92HBLSNwpSxhXUw=
github.com/arc-language/core-parser v0.0.0-20251223210335-c47242c52772/go.mod h1:BLt/5INiwrJOd15QBGG6nUVA8CFJLyeU1+de32mJ9S4=
github.com/arc-language/core-parser v0.0.0-20251224012048-3e7ee7227872 h1:AQhteHock3yn9Rj1tkwl0n3a5i/n6Xjq94Y+jUr1wRE=
github.com/arc-language/core-parser v0.0.0-20251224012048-3e7ee7227872/go.mod h1:BLt/5INiwrJOd15QBGG6nUVA8CFJLyeU1+de32mJ9S4=
github.com/arc-language/core-parser v0.0.0-20251226191403-b1c74c2bf8b2 h1:hqOO1isdribZXz4f7rLhgMXn0vPIMSCJoQXHxCjX/fQ=
github.com/arc-language/core-parser v0.0.0-20251226191403-b1c74c2bf8b2/go.mod h1:BLt/5INiwrJOd15QBGG6nUVA8CFJLyeU1+de32mJ9S4=
golang.org/x/exp v0.0.0-20240506185415-9bf2ced13842 h1:vr/HnozRka3pE4EsMEg1lgkXJkTFJCVUX+S/ZT6wYzM=
golang.org/x/exp v0.0.0-20240506185415-9bf2ced13842/go.mod h1:XtvwrStGgqGPLc4cjQfWqZHG1YFdYs6swckp8vpsjnc=
