github.com/antlr4-go/antlr/v4 v4.13.1 h1:SqQKkuVZ+zWkMMNkjy5FZe5mr5WURWnlpmOuzYWrPrQ=
github.com/antlr4-go/antlr/v4 v4.13.1/go.mod h1:GKmUxMtwp6ZgGwZSva4eWPC5mS6vUAmOABFgjdkM7Nw=
github.com/arc-language/core-builder v0.0.0-20251222230544-91aac0849f4f h1:cqLay64TCHtwS8HNkSpwRCHLUXTqgrzGuST4uvPL+Ys=
github.com/arc-language/core-builder v0.0.0-20251222230544-91aac0849f4f/go.mod h1:19aJJsZ3HkyQ3IBjxjhVjmeiThxFcPqvhP1YPFWqj+M=
github.com/arc-language/core-builder v0.0.0-20251226233346-9519615b4fb2 h1:XEv1HBgOOKVO4IYBvqk2hUWcW/I6V9ILGBPEH04PjNw=
github.com/arc-language/core-builder v0.0.0-20251226233346-9519615b4fb2/go.mod h1:19aJJsZ3HkyQ3IBjxjhVjmeiThxFcPqvhP1YPFWqj+M=
github.com/arc-language/core-codegen v0.0.0-20251223194808-5db44bb9f202 h1:yTrmtkr9q7lpwHiu6gdLBaNYJPByOz8EQ3x/F63r498=
github.com/arc-language/core-codegen v0.0.0-20251223194808-5db44bb9f202/go.mod h1:+PZFdeewFhSYo+OuOcwbQ06W61cMmVohZsctmIdpfVY=
github.com/arc-language/core-codegen v0.0.0-20251224004423-bf80a81c60a9 h1:8wIVhSE/G0ka2Do81dQbnLpyp0rzx7uKC80T7m29PIQ=
github.com/arc-language/core-codegen v0.0.0-20251224004423-bf80a81c60a9/go.mod h1:+PZFdeewFhSYo+OuOcwbQ06W61cMmVohZsctmIdpfVY=
github.com/arc-language/core-codegen v0.0.0-20251224005308-fbe93570a044 h1:XUK02Uogziqossiz0PM6c5EW/gs1iiKpn34EgesyLkY=
github.com/arc-language/core-codegen v0.0.0-20251224005308-fbe93570a044/go.mod h1:+PZFdeewFhSYo+OuOcwbQ06W61cMmVohZsctmIdpfVY=
github.com/arc-language/core-codegen v0.0.0-20251224013405-02316000c81c h1:bToKByWpf0Uu5zoZK1e+OSQUdEszH2CsesYRMcdGJr8=
github.com/arc-language/core-codegen v0.0.0-20251224013405-02316000c81c/go.mod h1:+PZFdeewFhSYo+OuOcwbQ06W61cMmVohZsctmIdpfVY=
github.com/arc-language/core-codegen v0.0.0-20251226214137-285efc2fe8fe h1:wWMpU7WPE5rvTOLUiizrp+7l2K99KlDKcA9zYID6amE=
github.com/arc-language/core-codegen v0.0.0-20251226214137-285efc2fe8fe/go.mod h1:+PZFdeewFhSYo+OuOcwbQ06W61cMmVohZsctmIdpfVY=
github.com/arc-language/core-codegen v0.0.0-20251226233434-a2a624ecabc0 h1:86nr+3DDMFp6Tdv5OdAzNPyOuoi+yOnpNC0OpfRz/RY=
github.com/arc-language/core-codegen v0.0.0-20251226233434-a2a624ecabc0/go.mod h1:+PZFdeewFhSYo+OuOcwbQ06W61cMmVohZsctmIdpfVY=
github.com/arc-language/core-compiler v0.0.0-20251224001031-dece9b0c37c8 h1:gSw7N4JW7m6VHTITuekQYg/su1w3HttV+egswzk1+XE=
github.com/arc-language/core-compiler v0.0.0-20251224001031-dece9b0c37c8/go.mod h1:35A/XQo/THb+ULaJ5Gj/rOPNQEdeIWlCVTFEC+c1omM=
github.com/arc-language/core-compiler v0.0.0-20251224012005-a58eabc944eb h1:oDvYz5ajx3OUuclCjBuLG0OSEVpoMY0o6HDwS1xdD6g=
github.com/arc-language/core-compiler v0.0.0-20251224012005-a58eabc944eb/go.mod h1:35A/XQo/THb+ULaJ5Gj/rOPNQEdeIWlCVTFEC+c1omM=
github.com/arc-language/core-compiler v0.0.0-20251224012825-a48e773d8c25 h1:LmT5auDpDKICT6DmU0qNd+1HXn1MZ6G/maoHxQ8XEIk=
github.com/arc-language/core-compiler v0.0.0-20251224012825-a48e773d8c25/go.mod h1:35A/XQo/THb+ULaJ5Gj/rOPNQEdeIWlCVTFEC+c1omM=
github.com/arc-language/core-compiler v0.0.0-20251224014153-9e095fbd1c77 h1:eOe0s2Usqr5z/IwWGOPa6muqMqIxykGTHAjNPTAvOrA=
github.com/arc-language/core-compiler v0.0.0-20251224014153-9e095fbd1c77/go.mod h1:35A/XQo/THb+ULaJ5Gj/rOPNQEdeIWlCVTFEC+c1omM=
github.com/arc-language/core-compiler v0.0.0-20251224014517-aa3def4eddfd h1:2dNWR+REVlyn6nxinhinYVtSvYjM4g0QUYYFAh+UftY=
github.com/arc-language/core-compiler v0.0.0-20251224014517-aa3def4eddfd/go.mod h1:35A/XQo/THb+ULaJ5Gj/rOPNQEdeIWlCVTFEC+c1omM=
github.com/arc-language/core-compiler v0.0.0-20251226193548-7b2a4582f390 h1:ZQ1+/UxmKTV9dZpxaaE3kETbPyZMnN+5QHZ6WN28z88=
github.com/arc-language/core-compiler v0.0.0-20251226193548-7b2a4582f390/go.mod h1:bFWFO5XhCepYU3FMQLvQJu97HGGCwM5xD9LVpVbgRrg=
github.com/arc-language/core-compiler v0.0.0-20251226194122-a1595a40599c h1:BYOAWaqESWoItyyE3xtOlIylHSkOSwV9JBp4LgI7+3g=
github.com/arc-language/core-compiler v0.0.0-20251226194122-a1595a40599c/go.mod h1:bFWFO5XhCepYU3FMQLvQJu97HGGCwM5xD9LVpVbgRrg=
github.com/arc-language/core-compiler v0.0.0-20251226194549-c0ba370d636a h1:F9LrRYELqnOEsKkWx5q+YxORkayBInyrKtAHWBW0Y3g=
github.com/arc-language/core-compiler v0.0.0-20251226194549-c0ba370d636a/go.mod h1:bFWFO5XhCepYU3FMQLvQJu97HGGCwM5xD9LVpVbgRrg=
github.com/arc-language/core-compiler v0.0.0-20251226194728-677cfeb7c416 h1:Pg/g7VLoBUPmgLFWxndo7tk6PSuuWNr8bDvK5+0IWsY=
github.com/arc-language/core-compiler v0.0.0-20251226194728-677cfeb7c416/go.mod h1:bFWFO5XhCepYU3FMQLvQJu97HGGCwM5xD9LVpVbgRrg=
github.com/arc-language/core-compiler v0.0.0-20251226195713-3b5e0c3d5b05 h1:TbVQW/qIiMvKuU/+U0B02d+IV/XlfDjDke/gJ3XmT3I=
github.com/arc-language/core-compiler v0.0.0-20251226195713-3b5e0c3d5b05/go.mod h1:bFWFO5XhCepYU3FMQLvQJu97HGGCwM5xD9LVpVbgRrg=
github.com/arc-language/core-compiler v0.0.0-20251226195910-89f2d0afc01e h1:cS/AO5+ldPNGJtSYb4mDmWBrA476canMPAhoDHH4F3k=
github.com/arc-language/core-compiler v0.0.0-20251226195910-89f2d0afc01e/go.mod h1:bFWFO5XhCepYU3FMQLvQJu97HGGCwM5xD9LVpVbgRrg=
github.com/arc-language/core-compiler v0.0.0-20251226200114-69c2d8f18d0b h1:qGZEMG+TWeVxniE+O9geKrdVyiElpgAKWQbX03fOsO4=
github.com/arc-language/core-compiler v0.0.0-20251226200114-69c2d8f18d0b/go.mod h1:bFWFO5XhCepYU3FMQLvQJu97HGGCwM5xD9LVpVbgRrg=
github.com/arc-language/core-compiler v0.0.0-20251226200337-e413f78e4b47 h1:n0FmUz/JReG7/Z2SAyR8mXXwi3twcKD9C5fs8d8etnY=
github.com/arc-language/core-compiler v0.0.0-20251226200337-e413f78e4b47/go.mod h1:bFWFO5XhCepYU3FMQLvQJu97HGGCwM5xD9LVpVbgRrg=
github.com/arc-language/core-compiler v0.0.0-20251226201512-5bd81d6c14b9 h1:cyqufx7AwpTIS4Dlz2alZJDLPY8bXit5z1fmzsvKfSM=
github.com/arc-language/core-compiler v0.0.0-20251226201512-5bd81d6c14b9/go.mod h1:bFWFO5XhCepYU3FMQLvQJu97HGGCwM5xD9LVpVbgRrg=
github.com/arc-language/core-compiler v0.0.0-20251226201613-cc92271bbfb6 h1:WHAOA525iv3gDO4FiQWt3+ELq5JXeWkzhcoewNZ6dGs=
github.com/arc-language/core-compiler v0.0.0-20251226201613-cc92271bbfb6/go.mod h1:bFWFO5XhCepYU3FMQLvQJu97HGGCwM5xD9LVpVbgRrg=
github.com/arc-language/core-compiler v0.0.0-20251226201951-ab223dacc36c h1:5Vh1NttDRKDx5ajG7JUYAHSM/0XCslTzaZkQGO4HEts=
github.com/arc-language/core-compiler v0.0.0-20251226201951-ab223dacc36c/go.mod h1:bFWFO5XhCepYU3FMQLvQJu97HGGCwM5xD9LVpVbgRrg=
github.com/arc-language/core-compiler v0.0.0-20251226202138-d18606deab0d h1:WVV1Fs7kk5UzdxmRyfZP4Txnrrt+nyerM4DwD89BpFc=
github.com/arc-language/core-compiler v0.0.0-20251226202138-d18606deab0d/go.mod h1:bFWFO5XhCepYU3FMQLvQJu97HGGCwM5xD9LVpVbgRrg=
github.com/arc-language/core-compiler v0.0.0-20251226202310-f9dec8822bb8 h1:zPclxWlStTeJRMqdnLCzEpY12h91uwZ+8Gi48Prudkg=
github.com/arc-language/core-compiler v0.0.0-20251226202310-f9dec8822bb8/go.mod h1:bFWFO5XhCepYU3FMQLvQJu97HGGCwM5xD9LVpVbgRrg=
github.com/arc-language/core-compiler v0.0.0-20251226202443-1fe3470600f1 h1:OcWMTZPrwmKCEfGc1w3KDULa5z2bu0Cr0HLFZ8pBmws=
github.com/arc-language/core-compiler v0.0.0-20251226202443-1fe3470600f1/go.mod h1:bFWFO5XhCepYU3FMQLvQJu97HGGCwM5xD9LVpVbgRrg=
github.com/arc-language/core-compiler v0.0.0-20251226202632-036096cd7df4 h1:Cu12VjFGbbjSZHw9jnMGaSsTsvidxJ4xsnzSFAbVzR4=
github.com/arc-language/core-compiler v0.0.0-20251226202632-036096cd7df4/go.mod h1:bFWFO5XhCepYU3FMQLvQJu97HGGCwM5xD9LVpVbgRrg=
github.com/arc-language/core-compiler v0.0.0-20251226202956-04614bc79e2d h1:Q8lNEyeGnBM4ssYDxMaDux7g7rOOdXDG9C0MmFgXRno=
github.com/arc-language/core-compiler v0.0.0-20251226202956-04614bc79e2d/go.mod h1:bFWFO5XhCepYU3FMQLvQJu97HGGCwM5xD9LVpVbgRrg=
github.com/arc-language/core-compiler v0.0.0-20251226203200-879bd151aded h1:0PjSCOo683Grn7gscrnXQyNnzahQmCSj31I/4wjyorI=
github.com/arc-language/core-compiler v0.0.0-20251226203200-879bd151aded/go.mod h1:bFWFO5XhCepYU3FMQLvQJu97HGGCwM5xD9LVpVbgRrg=
github.com/arc-language/core-compiler v0.0.0-20251226203352-5b77ce11af4e h1:bQaJ1/DfsyvmXbYEIvJI1eNzfL4pYbhF77pKr1VUSTE=
github.com/arc-language/core-compiler v0.0.0-20251226203352-5b77ce11af4e/go.mod h1:bFWFO5XhCepYU3FMQLvQJu97HGGCwM5xD9LVpVbgRrg=
github.com/arc-language/core-compiler v0.0.0-20251226204023-4c02f02ad129 h1:BOLU9rCdyVzcGyfb2di6Y+qXEorsztpnRLAaINS26xg=
github.com/arc-language/core-compiler v0.0.0-20251226204023-4c02f02ad129/go.mod h1:bFWFO5XhCepYU3FMQLvQJu97HGGCwM5xD9LVpVbgRrg=
github.com/arc-language/core-compiler v0.0.0-20251226204550-3f88c8baa01b h1:5fAj3LY2Do176p8nZ6NTBgz0+jWRGuO5/ilodg97+kU=
github.com/arc-language/core-compiler v0.0.0-20251226204550-3f88c8baa01b/go.mod h1:bFWFO5XhCepYU3FMQLvQJu97HGGCwM5xD9LVpVbgRrg=
github.com/arc-language/core-compiler v0.0.0-20251226210315-b595b1fe1f05 h1:0qGKCqqrn62Litzy4eVd2PfzB3v/AB4fh49SbXKeuLA=
github.com/arc-language/core-compiler v0.0.0-20251226210315-b595b1fe1f05/go.mod h1:bFWFO5XhCepYU3FMQLvQJu97HGGCwM5xD9LVpVbgRrg=
github.com/arc-language/core-compiler v0.0.0-20251226210401-67ecd468dec6 h1:0dZCnwxR1MzEDqN4RJ7oedyEI9a/8kwwXNf9DSZ2u4k=
github.com/arc-language/core-compiler v0.0.0-20251226210401-67ecd468dec6/go.mod h1:bFWFO5XhCepYU3FMQLvQJu97HGGCwM5xD9LVpVbgRrg=
github.com/arc-language/core-compiler v0.0.0-20251226210905-050f5f441a34 h1:0On4bpHHVEDrMMl8Tj1nQIIPaHMsZrYVbyd6Hs89Vuw=
github.com/arc-language/core-compiler v0.0.0-20251226210905-050f5f441a34/go.mod h1:bFWFO5XhCepYU3FMQLvQJu97HGGCwM5xD9LVpVbgRrg=
github.com/arc-language/core-compiler v0.0.0-20251226211045-734247dfb1ef h1:ZKZcvV6Aq2zqQ/Ea+8hR53r/Vxivez/FRSlju1AIAmc=
github.com/arc-language/core-compiler v0.0.0-20251226211045-734247dfb1ef/go.mod h1:bFWFO5XhCepYU3FMQLvQJu97HGGCwM5xD9LVpVbgRrg=
github.com/arc-language/core-compiler v0.0.0-20251226211232-a551af308de3 h1:qdOCXmvYZIWqy6YNLHwberPCKyxQYe7sHITcIx61zIQ=
github.com/arc-language/core-compiler v0.0.0-20251226211232-a551af308de3/go.mod h1:bFWFO5XhCepYU3FMQLvQJu97HGGCwM5xD9LVpVbgRrg=
github.com/arc-language/core-compiler v0.0.0-20251226213102-55fb9f99be26 h1:88AaY6jLBCuFQ2d9ObLlkzfbLKisQalpIqDodRGVHFw=
github.com/arc-language/core-compiler v0.0.0-20251226213102-55fb9f99be26/go.mod h1:bFWFO5XhCepYU3FMQLvQJu97HGGCwM5xD9LVpVbgRrg=
github.com/arc-language/core-compiler v0.0.0-20251226213708-7713c0111dc9 h1:117p4CKobdjm6KizTFjKcWaKPQ2ZMmZ+6dDjb7sxERQ=
github.com/arc-language/core-compiler v0.0.0-20251226213708-7713c0111dc9/go.mod h1:bFWFO5XhCepYU3FMQLvQJu97HGGCwM5xD9LVpVbgRrg=
github.com/arc-language/core-compiler v0.0.0-20251226214740-fb899102e87c h1:8SEt484a0tbHw4xpOWht3wxEeI8Bspwjv5/Y+6HiOD0=
github.com/arc-language/core-compiler v0.0.0-20251226214740-fb899102e87c/go.mod h1:bFWFO5XhCepYU3FMQLvQJu97HGGCwM5xD9LVpVbgRrg=
github.com/arc-language/core-compiler v0.0.0-20251226215244-cb9e80ff0792 h1:lpz2YmNNb+3Woe+LVKO4GObN3a05UaauyghPR5CZM5c=
github.com/arc-language/core-compiler v0.0.0-20251226215244-cb9e80ff0792/go.mod h1:bFWFO5XhCepYU3FMQLvQJu97HGGCwM5xD9LVpVbgRrg=
github.com/arc-language/core-compiler v0.0.0-20251226220059-586868a6e270 h1:WBgRjJJovzrnstp/HQnoBX171BzYAWoSdduk8rstvJs=
github.com/arc-language/core-compiler v0.0.0-20251226220059-586868a6e270/go.mod h1:bFWFO5XhCepYU3FMQLvQJu97HGGCwM5xD9LVpVbgRrg=
github.com/arc-language/core-compiler v0.0.0-20251226224717-aa9dec59fa7c h1:NZ8oi02zkYPVMhEJslRcRQiHMINE5K+du8oMgdCwFSI=
github.com/arc-language/core-compiler v0.0.0-20251226224717-aa9dec59fa7c/go.mod h1:bFWFO5XhCepYU3FMQLvQJu97HGGCwM5xD9LVpVbgRrg=
github.com/arc-language/core-compiler v0.0.0-20251226224902-602dfb1d6b7d h1:MzlOzv31egi0FYnew/cl5miezcKm2L3aYe5aGkYsnhg=
github.com/arc-language/core-compiler v0.0.0-20251226224902-602dfb1d6b7d/go.mod h1:bFWFO5XhCepYU3FMQLvQJu97HGGCwM5xD9LVpVbgRrg=
github.com/arc-language/core-compiler v0.0.0-20251226233516-979a72d9d3ae h1:fK+HCGbHAPNAPc17oYDSSwURRA9Yuo3wWAAsQGGciQ4=
github.com/arc-language/core-compiler v0.0.0-20251226233516-979a72d9d3ae/go.mod h1:bFWFO5XhCepYU3FMQLvQJu97HGGCwM5xD9LVpVbgRrg=
github.com/arc-language/core-compiler v0.0.0-20251226234113-8c3ccc2da6f3 h1:uCs3+Yrb7/J61/Ty/QJBg2g5RLFbvzBlNWOT11xEGRo=
github.com/arc-language/core-compiler v0.0.0-20251226234113-8c3ccc2da6f3/go.mod h1:bFWFO5XhCepYU3FMQLvQJu97HGGCwM5xD9LVpVbgRrg=
github.com/arc-language/core-compiler v0.0.0-20251226234251-0ab9a364e5c9 h1:2qwUAGLjRxgZJmMOYSwDJaV8TLNDfUeUzGRLKvdqKVs=
github.com/arc-language/core-compiler v0.0.0-20251226234251-0ab9a364e5c9/go.mod h1:bFWFO5XhCepYU3FMQLvQJu97HGGCwM5xD9LVpVbgRrg=
github.com/arc-language/core-compiler v0.0.0-20251226235941-bd700d56adae h1:W8iwjA88ErwCHTE/MoLin3N26vfkQMDrQQ9iS09DMVQ=
github.com/arc-language/core-compiler v0.0.0-20251226235941-bd700d56adae/go.mod h1:bFWFO5XhCepYU3FMQLvQJu97HGGCwM5xD9LVpVbgRrg=
github.com/arc-language/core-compiler v0.0.0-20251227000544-5f40b4c1179b h1:ZJRFO0byzp1Z0qf4/xzOGtbkrviYuXcWeFwoSxVx/hw=
github.com/arc-language/core-compiler v0.0.0-20251227000544-5f40b4c1179b/go.mod h1:bFWFO5XhCepYU3FMQLvQJu97HGGCwM5xD9LVpVbgRrg=
github.com/arc-language/core-parser v0.0.0-20251223210335-c47242c52772 h1:9Gua+mHnZmTGyJKZGluTeAfBxdgn92HBLSNwpSxhXUw=
github.com/arc-language/core-parser v0.0.0-20251223210335-c47242c52772/go.mod h1:BLt/5INiwrJOd15QBGG6nUVA8CFJLyeU1+de32mJ9S4=
github.com/arc-language/core-parser v0.0.0-20251224012048-3e7ee7227872 h1:AQhteHock3yn9Rj1tkwl0n3a5i/n6Xjq94Y+jUr1wRE=
github.com/arc-language/core-parser v0.0.0-20251224012048-3e7ee7227872/go.mod h1:BLt/5INiwrJOd15QBGG6nUVA8CFJLyeU1+de32mJ9S4=
github.com/arc-language/core-parser v0.0.0-20251226191403-b1c74c2bf8b2 h1:hqOO1isdribZXz4f7rLhgMXn0vPIMSCJoQXHxCjX/fQ=
github.com/arc-language/core-parser v0.0.0-20251226191403-b1c74c2bf8b2/go.mod h1:BLt/5INiwrJOd15QBGG6nUVA8CFJLyeU1+de32mJ9S4=
github.com/arc-language/core-parser v0.0.0-20251226200755-90618852b2ba h1:4YWGduivcqjnaOgCb2B2IiiWt9rMpswWE8UB5HfrC1Y=
github.com/arc-language/core-parser v0.0.0-20251226200755-90618852b2ba/go.mod h1:BLt/5INiwrJOd15QBGG6nUVA8CFJLyeU1+de32mJ9S4=
github.com/arc-language/core-parser v0.0.0-20251226204318-f41a8bb4a2fd h1:i6SatFZusEYfX8XxTlVPZ7voPbeTRO77MHm9TsNm1ck=
github.com/arc-language/core-parser v0.0.0-20251226204318-f41a8bb4a2fd/go.mod h1:BLt/5INiwrJOd15QBGG6nUVA8CFJLyeU1+de32mJ9S4=
github.com/arc-language/core-parser v0.0.0-20251226233645-99880d9f3e9e h1:N81Cw4heg8aYD0reTkC7UJTfe4whIdW22YjqlwoaYcM=
github.com/arc-language/core-parser v0.0.0-20251226233645-99880d9f3e9e/go.mod h1:BLt/5INiwrJOd15QBGG6nUVA8CFJLyeU1+de32mJ9S4=
golang.org/x/exp v0.0.0-20240506185415-9bf2ced13842 h1:vr/HnozRka3pE4EsMEg1lgkXJkTFJCVUX+S/ZT6wYzM=
golang.org/x/exp v0.0.0-20240506185415-9bf2ced13842/go.mod h1:XtvwrStGgqGPLc4cjQfWqZHG1YFdYs6swckp8vpsjnc=
