github.com/antlr4-go/antlr/v4 v4.13.1 h1:SqQKkuVZ+zWkMMNkjy5FZe5mr5WURWnlpmOuzYWrPrQ=
github.com/antlr4-go/antlr/v4 v4.13.1/go.mod h1:GKmUxMtwp6ZgGwZSva4eWPC5mS6vUAmOABFgjdkM7Nw=
github.com/arc-language/core-builder v0.0.0-20251222230544-91aac0849f4f h1:cqLay64TCHtwS8HNkSpwRCHLUXTqgrzGuST4uvPL+Ys=
github.com/arc-language/core-builder v0.0.0-20251222230544-91aac0849f4f/go.mod h1:19aJJsZ3HkyQ3IBjxjhVjmeiThxFcPqvhP1YPFWqj+M=
github.com/arc-language/core-codegen v0.0.0-20251223194808-5db44bb9f202 h1:yTrmtkr9q7lpwHiu6gdLBaNYJPByOz8EQ3x/F63r498=
github.com/arc-language/core-codegen v0.0.0-20251223194808-5db44bb9f202/go.mod h1:+PZFdeewFhSYo+OuOcwbQ06W61cMmVohZsctmIdpfVY=
github.com/arc-language/core-codegen v0.0.0-20251224004423-bf80a81c60a9 h1:8wIVhSE/G0ka2Do81dQbnLpyp0rzx7uKC80T7m29PIQ=
github.com/arc-language/core-codegen v0.0.0-20251224004423-bf80a81c60a9/go.mod h1:+PZFdeewFhSYo+OuOcwbQ06W61cMmVohZsctmIdpfVY=
github.com/arc-language/core-codegen v0.0.0-20251224005308-fbe93570a044 h1:XUK02Uogziqossiz0PM6c5EW/gs1iiKpn34EgesyLkY=
github.com/arc-language/core-codegen v0.0.0-20251224005308-fbe93570a044/go.mod h1:+PZFdeewFhSYo+OuOcwbQ06W61cMmVohZsctmIdpfVY=
github.com/arc-language/core-compiler v0.0.0-20251224001031-dece9b0c37c8 h1:gSw7N4JW7m6VHTITuekQYg/su1w3HttV+egswzk1+XE=
github.com/arc-language/core-compiler v0.0.0-20251224001031-dece9b0c37c8/go.mod h1:35A/XQo/THb+ULaJ5Gj/rOPNQEdeIWlCVTFEC+c1omM=
github.com/arc-language/core-parser v0.0.0-20251223210335-c47242c52772 h1:9Gua+mHnZmTGyJKZGluTeAfBxdgn92HBLSNwpSxhXUw=
github.com/arc-language/core-parser v0.0.0-20251223210335-c47242c52772/go.mod h1:BLt/5INiwrJOd15QBGG6nUVA8CFJLyeU1+de32mJ9S4=
golang.org/x/exp v0.0.0-20240506185415-9bf2ced13842 h1:vr/HnozRka3pE4EsMEg1lgkXJkTFJCVUX+S/ZT6wYzM=
golang.org/x/exp v0.0.0-20240506185415-9bf2ced13842/go.mod h1:XtvwrStGgqGPLc4cjQfWqZHG1YFdYs6swckp8vpsjnc=
